
Microsoft Visual Studio Solution File, Format Version 12.00
# Visual Studio Version 17
VisualStudioVersion = 17.3.32929.385
MinimumVisualStudioVersion = 10.0.40219.1
Project("{FAE04EC0-301F-11D3-BF4B-00C04F79EFBC}") = "WindowsBDEscuela", "WindowsBDEscuela\WindowsBDEscuela.csproj", "{5F666119-F7A5-434B-BA6D-053506CCC041}"
EndProject
Global
	GlobalSection(SolutionConfigurationPlatforms) = preSolution
		Debug|Any CPU = Debug|Any CPU
		Release|Any CPU = Release|Any CPU
	EndGlobalSection
	GlobalSection(ProjectConfigurationPlatforms) = postSolution
		{5F666119-F7A5-434B-BA6D-053506CCC041}.Debug|Any CPU.ActiveCfg = Debug|Any CPU
		{5F666119-F7A5-434B-BA6D-053506CCC041}.Debug|Any CPU.Build.0 = Debug|Any CPU
		{5F666119-F7A5-434B-BA6D-053506CCC041}.Release|Any CPU.ActiveCfg = Release|Any CPU
		{5F666119-F7A5-434B-BA6D-053506CCC041}.Release|Any CPU.Build.0 = Release|Any CPU
	EndGlobalSection
	GlobalSection(SolutionProperties) = preSolution
		HideSolutionNode = FALSE
	EndGlobalSection
	GlobalSection(ExtensibilityGlobals) = postSolution
		SolutionGuid = {BE870E28-A749-4277-8862-EC05D505A40E}
	EndGlobalSection
EndGlobal
